
Microsoft Visual Studio Solution File, Format Version 12.00
# Visual Studio 15
VisualStudioVersion = 15.0.27130.2020
MinimumVisualStudioVersion = 10.0.40219.1
Project("{FAE04EC0-301F-11D3-BF4B-00C04F79EFBC}") = "Fase.Web", "src\Fase.Web\Fase.Web.csproj", "{CE7F1F80-901C-442D-95EC-E6E4FE794FF5}"
EndProject
Global
	GlobalSection(SolutionConfigurationPlatforms) = preSolution
		Debug|Any CPU = Debug|Any CPU
		Release|Any CPU = Release|Any CPU
	EndGlobalSection
	GlobalSection(ProjectConfigurationPlatforms) = postSolution
		{CE7F1F80-901C-442D-95EC-E6E4FE794FF5}.Debug|Any CPU.ActiveCfg = Debug|Any CPU
		{CE7F1F80-901C-442D-95EC-E6E4FE794FF5}.Debug|Any CPU.Build.0 = Debug|Any CPU
		{CE7F1F80-901C-442D-95EC-E6E4FE794FF5}.Release|Any CPU.ActiveCfg = Release|Any CPU
		{CE7F1F80-901C-442D-95EC-E6E4FE794FF5}.Release|Any CPU.Build.0 = Release|Any CPU
	EndGlobalSection
	GlobalSection(SolutionProperties) = preSolution
		HideSolutionNode = FALSE
	EndGlobalSection
	GlobalSection(ExtensibilityGlobals) = postSolution
		SolutionGuid = {CC98A0D0-FDA4-4495-ACDF-E2A2F7E872D3}
	EndGlobalSection
EndGlobal
